
Microsoft Visual Studio Solution File, Format Version 12.00
# Visual Studio 15
Project("{FAE04EC0-301F-11D3-BF4B-00C04F79EFBC}") = "func-endgame-f1-dev", "func-endgame-f1-dev\func-endgame-f1-dev.csproj", "{EBDD076F-2509-4894-954F-6AA2B64EE637}"
EndProject
Global
	GlobalSection(SolutionConfigurationPlatforms) = preSolution
		Debug|Any CPU = Debug|Any CPU
		Release|Any CPU = Release|Any CPU
	EndGlobalSection
	GlobalSection(ProjectConfigurationPlatforms) = postSolution
		{EBDD076F-2509-4894-954F-6AA2B64EE637}.Debug|Any CPU.ActiveCfg = Debug|Any CPU
		{EBDD076F-2509-4894-954F-6AA2B64EE637}.Debug|Any CPU.Build.0 = Debug|Any CPU
		{EBDD076F-2509-4894-954F-6AA2B64EE637}.Release|Any CPU.ActiveCfg = Release|Any CPU
		{EBDD076F-2509-4894-954F-6AA2B64EE637}.Release|Any CPU.Build.0 = Release|Any CPU
	EndGlobalSection
EndGlobal
