
Microsoft Visual Studio Solution File, Format Version 12.00
# Visual Studio 15
Project("{FAE04EC0-301F-11D3-BF4B-00C04F79EFBC}") = "func-endgame-f2-dev", "func-endgame-f2-dev\func-endgame-f2-dev.csproj", "{6C7C3482-3099-4646-B14D-B45107739B67}"
EndProject
Global
	GlobalSection(SolutionConfigurationPlatforms) = preSolution
		Debug|Any CPU = Debug|Any CPU
		Release|Any CPU = Release|Any CPU
	EndGlobalSection
	GlobalSection(ProjectConfigurationPlatforms) = postSolution
		{6C7C3482-3099-4646-B14D-B45107739B67}.Debug|Any CPU.ActiveCfg = Debug|Any CPU
		{6C7C3482-3099-4646-B14D-B45107739B67}.Debug|Any CPU.Build.0 = Debug|Any CPU
		{6C7C3482-3099-4646-B14D-B45107739B67}.Release|Any CPU.ActiveCfg = Release|Any CPU
		{6C7C3482-3099-4646-B14D-B45107739B67}.Release|Any CPU.Build.0 = Release|Any CPU
	EndGlobalSection
EndGlobal
